<?xml version="1.0" encoding="utf-8"?>
<Project ToolsVersion="4.0" xmlns="http://schemas.microsoft.com/developer/msbuild/2003">
  <ItemGroup>
    <Filter Include="Source Files">
      <UniqueIdentifier>{4FC737F1-C7A5-4376-A066-2A32D752A2FF}</UniqueIdentifier>
      <Extensions>cpp;c;cc;cxx;def;odl;idl;hpj;bat;asm;asmx</Extensions>
    </Filter>
    <Filter Include="Header Files">
      <UniqueIdentifier>{93995380-89BD-4b04-88EB-625FBE52EBFB}</UniqueIdentifier>
      <Extensions>h;hh;hpp;hxx;hm;inl;inc;xsd</Extensions>
    </Filter>
    <Filter Include="Resource Files">
      <UniqueIdentifier>{67DA6AB6-F800-4c08-8B7A-83BB121AAD01}</UniqueIdentifier>
      <Extensions>rc;ico;cur;bmp;dlg;rc2;rct;bin;rgs;gif;jpg;jpeg;jpe;resx;tiff;tif;png;wav;mfcribbon-ms</Extensions>
    </Filter>
    <Filter Include="Header Files\dev">
      <UniqueIdentifier>{9a261aa5-6ea1-49ac-8750-377e55013e35}</UniqueIdentifier>
    </Filter>
    <Filter Include="Source Files\dev">
      <UniqueIdentifier>{b2df77f1-f7b8-42d5-b3d0-c2c601469561}</UniqueIdentifier>
    </Filter>
    <Filter Include="Source Files\ui">
      <UniqueIdentifier>{37e7a19a-c9b4-4141-af2f-9de158a0a166}</UniqueIdentifier>
    </Filter>
    <Filter Include="Header Files\ui">
      <UniqueIdentifier>{a3fe12d9-5e92-46f4-b1a3-30a4c1ba36a9}</UniqueIdentifier>
    </Filter>
  </ItemGroup>
  <ItemGroup>
    <Text Include="ReadMe.txt" />
  </ItemGroup>
  <ItemGroup>
    <ClInclude Include="stdafx.h">
      <Filter>Header Files</Filter>
    </ClInclude>
    <ClInclude Include="targetver.h">
      <Filter>Header Files</Filter>
    </ClInclude>
    <ClInclude Include="Resource.h">
      <Filter>Header Files</Filter>
    </ClInclude>
    <ClInclude Include="main.h">
      <Filter>Header Files</Filter>
    </ClInclude>
    <ClInclude Include="dev\debug_console.h">
      <Filter>Header Files\dev</Filter>
    </ClInclude>
    <ClInclude Include="UI\CustomButton.h">
      <Filter>Header Files\ui</Filter>
    </ClInclude>
    <ClInclude Include="UI\ui.h">
      <Filter>Header Files\ui</Filter>
    </ClInclude>
    <ClInclude Include="KeyGen.h">
      <Filter>Header Files</Filter>
    </ClInclude>
    <ClInclude Include="UI\GenerateButton.h">
      <Filter>Header Files\ui</Filter>
    </ClInclude>
    <ClInclude Include="dev\util.h">
      <Filter>Header Files\dev</Filter>
    </ClInclude>
    <ClInclude Include="UI\PaintingDelegatedControl.h">
      <Filter>Header Files\ui</Filter>
    </ClInclude>
    <ClInclude Include="UI\DefaultPaintingDelegatedControl.h">
      <Filter>Header Files\ui</Filter>
    </ClInclude>
    <ClInclude Include="UI\MainWindow.h">
      <Filter>Header Files\ui</Filter>
    </ClInclude>
    <ClInclude Include="UI\XMSoundModule.h">
      <Filter>Header Files\ui</Filter>
    </ClInclude>
    <ClInclude Include="UI\MusicButton.h">
      <Filter>Header Files\ui</Filter>
    </ClInclude>
    <ClInclude Include="UI\PaintingDelegatedEditControl.h">
      <Filter>Header Files\ui</Filter>
    </ClInclude>
    <ClInclude Include="dsufmod.h">
      <Filter>Header Files</Filter>
    </ClInclude>
  </ItemGroup>
  <ItemGroup>
    <ClCompile Include="stdafx.cpp">
      <Filter>Source Files</Filter>
    </ClCompile>
    <ClCompile Include="main.cpp">
      <Filter>Source Files</Filter>
    </ClCompile>
    <ClCompile Include="dev\debug_console.cpp">
      <Filter>Source Files\dev</Filter>
    </ClCompile>
    <ClCompile Include="UI\CustomButton.cpp">
      <Filter>Source Files\ui</Filter>
    </ClCompile>
    <ClCompile Include="UI\ui.cpp">
      <Filter>Source Files\ui</Filter>
    </ClCompile>
    <ClCompile Include="KeyGen.cpp">
      <Filter>Source Files</Filter>
    </ClCompile>
    <ClCompile Include="UI\GenerateButton.cpp">
      <Filter>Source Files\ui</Filter>
    </ClCompile>
    <ClCompile Include="dev\util.cpp">
      <Filter>Source Files\dev</Filter>
    </ClCompile>
    <ClCompile Include="UI\PaintingDelegatedControl.cpp">
      <Filter>Source Files\ui</Filter>
    </ClCompile>
    <ClCompile Include="UI\DefaultPaintingDelegatedControl.cpp">
      <Filter>Source Files\ui</Filter>
    </ClCompile>
    <ClCompile Include="UI\MainWindow.cpp">
      <Filter>Source Files\ui</Filter>
    </ClCompile>
    <ClCompile Include="UI\XMSoundModule.cpp">
      <Filter>Source Files\ui</Filter>
    </ClCompile>
    <ClCompile Include="UI\MusicButton.cpp">
      <Filter>Source Files\ui</Filter>
    </ClCompile>
    <ClCompile Include="UI\PaintingDelegatedEditControl.cpp">
      <Filter>Source Files\ui</Filter>
    </ClCompile>
  </ItemGroup>
  <ItemGroup>
    <ResourceCompile Include="main.rc">
      <Filter>Resource Files</Filter>
    </ResourceCompile>
  </ItemGroup>
  <ItemGroup>
    <Image Include="data\bg.png">
      <Filter>Resource Files</Filter>
    </Image>
    <Image Include="data\icon.ico">
      <Filter>Resource Files</Filter>
    </Image>
    <Image Include="data\music.png">
      <Filter>Resource Files</Filter>
    </Image>
  </ItemGroup>
  <ItemGroup>
    <Object Include="dsufmod.obj">
      <Filter>Source Files</Filter>
    </Object>
  </ItemGroup>
  <ItemGroup>
    <None Include="data\music.XM">
      <Filter>Resource Files</Filter>
    </None>
  </ItemGroup>
  <ItemGroup>
    <Font Include="data\superstition.ttf">
      <Filter>Resource Files</Filter>
    </Font>
  </ItemGroup>
</Project>